
Microsoft Visual Studio Solution File, Format Version 12.00
# Visual Studio 15
VisualStudioVersion = 15.0.26430.12
MinimumVisualStudioVersion = 10.0.40219.1
Project("{FAE04EC0-301F-11D3-BF4B-00C04F79EFBC}") = "FlowProtocol.Interfaces", "Protocol.Interfaces\FlowProtocol.Interfaces.csproj", "{6FA0AB1A-03E8-4C70-B628-8507CAA15247}"
EndProject
Project("{FAE04EC0-301F-11D3-BF4B-00C04F79EFBC}") = "FlowProtocol.Implementation", "Protocol.Implementation\FlowProtocol.Implementation.csproj", "{3F542A4D-7CF7-4193-AAC8-42351F395AA5}"
EndProject
Project("{FAE04EC0-301F-11D3-BF4B-00C04F79EFBC}") = "Presentation.Console.ServerApp", "Presentation.Console.ServerApp\Presentation.Console.ServerApp.csproj", "{24FD1886-FD11-4705-AABC-32C5467736E9}"
EndProject
Project("{FAE04EC0-301F-11D3-BF4B-00C04F79EFBC}") = "Presentation.WinForms.ClientApp", "Presentation.WinForms.ClientApp\Presentation.WinForms.ClientApp.csproj", "{459E9F9F-B9A1-429C-BEC8-D7D9CEB9AAFF}"
EndProject
Project("{FAE04EC0-301F-11D3-BF4B-00C04F79EFBC}") = "Infrastructure", "Infrastructure\Infrastructure.csproj", "{D2F0F193-B562-4209-8919-F05E0FD88420}"
EndProject
Project("{FAE04EC0-301F-11D3-BF4B-00C04F79EFBC}") = "NHelpers", "..\EasySharp\NHelpers\NHelpers.csproj", "{CAC83CF1-E5D4-45F6-85CC-E0AD29B55A8E}"
EndProject
Project("{FAE04EC0-301F-11D3-BF4B-00C04F79EFBC}") = "TestUdpClient", "TestUdpClient\TestUdpClient.csproj", "{E2C891C7-6C4A-4A28-8CA3-2258CD146FF9}"
EndProject
Project("{FAE04EC0-301F-11D3-BF4B-00C04F79EFBC}") = "TestUdpServer", "TestUdpServer\TestUdpServer.csproj", "{3BC5C41F-F9E7-4792-BA7C-AF0E39A18D0C}"
EndProject
Project("{FAE04EC0-301F-11D3-BF4B-00C04F79EFBC}") = "TestTcpClient", "TestTcpClient\TestTcpClient.csproj", "{2F89E519-40A2-4D5D-A717-03F7A07EB099}"
EndProject
Project("{FAE04EC0-301F-11D3-BF4B-00C04F79EFBC}") = "TestTcpServer", "TestTcpServer\TestTcpServer.csproj", "{33597852-D561-4C2F-B834-4D400C5AD7AC}"
EndProject
Project("{FAE04EC0-301F-11D3-BF4B-00C04F79EFBC}") = "FlowProtocol.DomainModels", "FlowProtocol.DomainModels\FlowProtocol.DomainModels.csproj", "{3FD94B60-1584-4C36-88EE-1281B0FF661C}"
EndProject
Project("{FAE04EC0-301F-11D3-BF4B-00C04F79EFBC}") = "Demo.QuickUserRegistration", "Demo.QuickUserRegistration\Demo.QuickUserRegistration.csproj", "{CB13D09A-FF9F-4F8C-A4CF-C240D9DCD2CF}"
EndProject
Global
	GlobalSection(SolutionConfigurationPlatforms) = preSolution
		Debug|Any CPU = Debug|Any CPU
		Release|Any CPU = Release|Any CPU
	EndGlobalSection
	GlobalSection(ProjectConfigurationPlatforms) = postSolution
		{6FA0AB1A-03E8-4C70-B628-8507CAA15247}.Debug|Any CPU.ActiveCfg = Debug|Any CPU
		{6FA0AB1A-03E8-4C70-B628-8507CAA15247}.Debug|Any CPU.Build.0 = Debug|Any CPU
		{6FA0AB1A-03E8-4C70-B628-8507CAA15247}.Release|Any CPU.ActiveCfg = Release|Any CPU
		{6FA0AB1A-03E8-4C70-B628-8507CAA15247}.Release|Any CPU.Build.0 = Release|Any CPU
		{3F542A4D-7CF7-4193-AAC8-42351F395AA5}.Debug|Any CPU.ActiveCfg = Debug|Any CPU
		{3F542A4D-7CF7-4193-AAC8-42351F395AA5}.Debug|Any CPU.Build.0 = Debug|Any CPU
		{3F542A4D-7CF7-4193-AAC8-42351F395AA5}.Release|Any CPU.ActiveCfg = Release|Any CPU
		{3F542A4D-7CF7-4193-AAC8-42351F395AA5}.Release|Any CPU.Build.0 = Release|Any CPU
		{24FD1886-FD11-4705-AABC-32C5467736E9}.Debug|Any CPU.ActiveCfg = Debug|Any CPU
		{24FD1886-FD11-4705-AABC-32C5467736E9}.Debug|Any CPU.Build.0 = Debug|Any CPU
		{24FD1886-FD11-4705-AABC-32C5467736E9}.Release|Any CPU.ActiveCfg = Release|Any CPU
		{24FD1886-FD11-4705-AABC-32C5467736E9}.Release|Any CPU.Build.0 = Release|Any CPU
		{459E9F9F-B9A1-429C-BEC8-D7D9CEB9AAFF}.Debug|Any CPU.ActiveCfg = Debug|Any CPU
		{459E9F9F-B9A1-429C-BEC8-D7D9CEB9AAFF}.Debug|Any CPU.Build.0 = Debug|Any CPU
		{459E9F9F-B9A1-429C-BEC8-D7D9CEB9AAFF}.Release|Any CPU.ActiveCfg = Release|Any CPU
		{459E9F9F-B9A1-429C-BEC8-D7D9CEB9AAFF}.Release|Any CPU.Build.0 = Release|Any CPU
		{D2F0F193-B562-4209-8919-F05E0FD88420}.Debug|Any CPU.ActiveCfg = Debug|Any CPU
		{D2F0F193-B562-4209-8919-F05E0FD88420}.Debug|Any CPU.Build.0 = Debug|Any CPU
		{D2F0F193-B562-4209-8919-F05E0FD88420}.Release|Any CPU.ActiveCfg = Release|Any CPU
		{D2F0F193-B562-4209-8919-F05E0FD88420}.Release|Any CPU.Build.0 = Release|Any CPU
		{CAC83CF1-E5D4-45F6-85CC-E0AD29B55A8E}.Debug|Any CPU.ActiveCfg = Debug|Any CPU
		{CAC83CF1-E5D4-45F6-85CC-E0AD29B55A8E}.Debug|Any CPU.Build.0 = Debug|Any CPU
		{CAC83CF1-E5D4-45F6-85CC-E0AD29B55A8E}.Release|Any CPU.ActiveCfg = Release|Any CPU
		{CAC83CF1-E5D4-45F6-85CC-E0AD29B55A8E}.Release|Any CPU.Build.0 = Release|Any CPU
		{E2C891C7-6C4A-4A28-8CA3-2258CD146FF9}.Debug|Any CPU.ActiveCfg = Debug|Any CPU
		{E2C891C7-6C4A-4A28-8CA3-2258CD146FF9}.Debug|Any CPU.Build.0 = Debug|Any CPU
		{E2C891C7-6C4A-4A28-8CA3-2258CD146FF9}.Release|Any CPU.ActiveCfg = Release|Any CPU
		{E2C891C7-6C4A-4A28-8CA3-2258CD146FF9}.Release|Any CPU.Build.0 = Release|Any CPU
		{3BC5C41F-F9E7-4792-BA7C-AF0E39A18D0C}.Debug|Any CPU.ActiveCfg = Debug|Any CPU
		{3BC5C41F-F9E7-4792-BA7C-AF0E39A18D0C}.Debug|Any CPU.Build.0 = Debug|Any CPU
		{3BC5C41F-F9E7-4792-BA7C-AF0E39A18D0C}.Release|Any CPU.ActiveCfg = Release|Any CPU
		{3BC5C41F-F9E7-4792-BA7C-AF0E39A18D0C}.Release|Any CPU.Build.0 = Release|Any CPU
		{2F89E519-40A2-4D5D-A717-03F7A07EB099}.Debug|Any CPU.ActiveCfg = Debug|Any CPU
		{2F89E519-40A2-4D5D-A717-03F7A07EB099}.Debug|Any CPU.Build.0 = Debug|Any CPU
		{2F89E519-40A2-4D5D-A717-03F7A07EB099}.Release|Any CPU.ActiveCfg = Release|Any CPU
		{2F89E519-40A2-4D5D-A717-03F7A07EB099}.Release|Any CPU.Build.0 = Release|Any CPU
		{33597852-D561-4C2F-B834-4D400C5AD7AC}.Debug|Any CPU.ActiveCfg = Debug|Any CPU
		{33597852-D561-4C2F-B834-4D400C5AD7AC}.Debug|Any CPU.Build.0 = Debug|Any CPU
		{33597852-D561-4C2F-B834-4D400C5AD7AC}.Release|Any CPU.ActiveCfg = Release|Any CPU
		{33597852-D561-4C2F-B834-4D400C5AD7AC}.Release|Any CPU.Build.0 = Release|Any CPU
		{3FD94B60-1584-4C36-88EE-1281B0FF661C}.Debug|Any CPU.ActiveCfg = Debug|Any CPU
		{3FD94B60-1584-4C36-88EE-1281B0FF661C}.Debug|Any CPU.Build.0 = Debug|Any CPU
		{3FD94B60-1584-4C36-88EE-1281B0FF661C}.Release|Any CPU.ActiveCfg = Release|Any CPU
		{3FD94B60-1584-4C36-88EE-1281B0FF661C}.Release|Any CPU.Build.0 = Release|Any CPU
		{CB13D09A-FF9F-4F8C-A4CF-C240D9DCD2CF}.Debug|Any CPU.ActiveCfg = Debug|Any CPU
		{CB13D09A-FF9F-4F8C-A4CF-C240D9DCD2CF}.Debug|Any CPU.Build.0 = Debug|Any CPU
		{CB13D09A-FF9F-4F8C-A4CF-C240D9DCD2CF}.Release|Any CPU.ActiveCfg = Release|Any CPU
		{CB13D09A-FF9F-4F8C-A4CF-C240D9DCD2CF}.Release|Any CPU.Build.0 = Release|Any CPU
	EndGlobalSection
	GlobalSection(SolutionProperties) = preSolution
		HideSolutionNode = FALSE
	EndGlobalSection
EndGlobal
